// !$*UTF8*$!
{
	archiveVersion = 1;
	classes = {
	};
	objectVersion = 48;
	objects = {

/* Begin PBXBuildFile section */
		4EB96B5B305591A081FFD63A /* Pods_YellowZB.framework in Frameworks */ = {isa = PBXBuildFile; fileRef = 71F8CB0F28DB58E00B0B16BE /* Pods_YellowZB.framework */; };
		6F2A8F7E207F8EF2008AD65D /* BaseViewController.swift in Sources */ = {isa = PBXBuildFile; fileRef = 6F2A8F7D207F8EF2008AD65D /* BaseViewController.swift */; };
		6F9FD6B4207F905F00AD0406 /* Live.storyboard in Resources */ = {isa = PBXBuildFile; fileRef = 6F9FD6B3207F905F00AD0406 /* Live.storyboard */; };
		7E150BD62058D3AB00A8B5D7 /* NetworkTools.swift in Sources */ = {isa = PBXBuildFile; fileRef = 7E150BD52058D3AA00A8B5D7 /* NetworkTools.swift */; };
		7E150BD9205903D300A8B5D7 /* RecommendViewModel.swift in Sources */ = {isa = PBXBuildFile; fileRef = 7E150BD8205903D300A8B5D7 /* RecommendViewModel.swift */; };
		7E150BDB205909B100A8B5D7 /* NSDate-Extension.swift in Sources */ = {isa = PBXBuildFile; fileRef = 7E150BDA205909B100A8B5D7 /* NSDate-Extension.swift */; };
		7E150BDD2059235B00A8B5D7 /* AnchorGroup.swift in Sources */ = {isa = PBXBuildFile; fileRef = 7E150BDC2059235B00A8B5D7 /* AnchorGroup.swift */; };
		7E150BDF205A0DBB00A8B5D7 /* AnchorModel.swift in Sources */ = {isa = PBXBuildFile; fileRef = 7E150BDE205A0DBB00A8B5D7 /* AnchorModel.swift */; };
		7E150BE22060A50D00A8B5D7 /* CollectionBaseCell.swift in Sources */ = {isa = PBXBuildFile; fileRef = 7E150BE12060A50D00A8B5D7 /* CollectionBaseCell.swift */; };
		7E150BE42060B74200A8B5D7 /* RecommendCycleView.swift in Sources */ = {isa = PBXBuildFile; fileRef = 7E150BE32060B74200A8B5D7 /* RecommendCycleView.swift */; };
		7E150BE62060B79500A8B5D7 /* RecommendCycleView.xib in Resources */ = {isa = PBXBuildFile; fileRef = 7E150BE52060B79500A8B5D7 /* RecommendCycleView.xib */; };
		7E150BE820610A4000A8B5D7 /* CycleMobdel.swift in Sources */ = {isa = PBXBuildFile; fileRef = 7E150BE720610A4000A8B5D7 /* CycleMobdel.swift */; };
		7E150BEB206203EB00A8B5D7 /* CollectionCycleCell.swift in Sources */ = {isa = PBXBuildFile; fileRef = 7E150BE9206203EB00A8B5D7 /* CollectionCycleCell.swift */; };
		7E150BEC206203EB00A8B5D7 /* CollectionCycleCell.xib in Resources */ = {isa = PBXBuildFile; fileRef = 7E150BEA206203EB00A8B5D7 /* CollectionCycleCell.xib */; };
		7E150BEE206255B700A8B5D7 /* RecommendGameView.swift in Sources */ = {isa = PBXBuildFile; fileRef = 7E150BED206255B700A8B5D7 /* RecommendGameView.swift */; };
		7E150BF0206255DD00A8B5D7 /* RecommendGameView.xib in Resources */ = {isa = PBXBuildFile; fileRef = 7E150BEF206255DD00A8B5D7 /* RecommendGameView.xib */; };
		7E150BF42063418000A8B5D7 /* CollectionGameCell.swift in Sources */ = {isa = PBXBuildFile; fileRef = 7E150BF22063418000A8B5D7 /* CollectionGameCell.swift */; };
		7E150BF52063418000A8B5D7 /* CollectionGameCell.xib in Resources */ = {isa = PBXBuildFile; fileRef = 7E150BF32063418000A8B5D7 /* CollectionGameCell.xib */; };
		7E1EA43A207369EE00D6056A /* GameViewController.swift in Sources */ = {isa = PBXBuildFile; fileRef = 7E1EA439207369EE00D6056A /* GameViewController.swift */; };
		7E1EA43C2073710600D6056A /* GameViewModel.swift in Sources */ = {isa = PBXBuildFile; fileRef = 7E1EA43B2073710600D6056A /* GameViewModel.swift */; };
		7E1EA43E2073782400D6056A /* GameModel.swift in Sources */ = {isa = PBXBuildFile; fileRef = 7E1EA43D2073782400D6056A /* GameModel.swift */; };
		7E1EA4402073794F00D6056A /* BaseGameModel.swift in Sources */ = {isa = PBXBuildFile; fileRef = 7E1EA43F2073794F00D6056A /* BaseGameModel.swift */; };
		7E1EA4422079B32200D6056A /* AmuseViewController.swift in Sources */ = {isa = PBXBuildFile; fileRef = 7E1EA4412079B32200D6056A /* AmuseViewController.swift */; };
		7E1EA4442079BF6100D6056A /* AmuseViewModel.swift in Sources */ = {isa = PBXBuildFile; fileRef = 7E1EA4432079BF6100D6056A /* AmuseViewModel.swift */; };
		7E1EA4472079CAD500D6056A /* BaseViewModel.swift in Sources */ = {isa = PBXBuildFile; fileRef = 7E1EA4462079CAD500D6056A /* BaseViewModel.swift */; };
		7E1EA4492079E00600D6056A /* BaseAnchorViewController.swift in Sources */ = {isa = PBXBuildFile; fileRef = 7E1EA4482079E00600D6056A /* BaseAnchorViewController.swift */; };
		7E2ABE3A205631ED00C44AC0 /* CollectionHeaderView.swift in Sources */ = {isa = PBXBuildFile; fileRef = 7E2ABE38205631ED00C44AC0 /* CollectionHeaderView.swift */; };
		7E2ABE3B205631ED00C44AC0 /* CollectionHeaderView.xib in Resources */ = {isa = PBXBuildFile; fileRef = 7E2ABE39205631ED00C44AC0 /* CollectionHeaderView.xib */; };
		7E2ABE3F20565EEC00C44AC0 /* CollectionNormalCell.swift in Sources */ = {isa = PBXBuildFile; fileRef = 7E2ABE3D20565EEC00C44AC0 /* CollectionNormalCell.swift */; };
		7E2ABE4020565EEC00C44AC0 /* CollectionNormalCell.xib in Resources */ = {isa = PBXBuildFile; fileRef = 7E2ABE3E20565EEC00C44AC0 /* CollectionNormalCell.xib */; };
		7E2ABE442056690800C44AC0 /* CollectionPrettyCell.swift in Sources */ = {isa = PBXBuildFile; fileRef = 7E2ABE422056690800C44AC0 /* CollectionPrettyCell.swift */; };
		7E2ABE452056690800C44AC0 /* CollectionPrettyCell.xib in Resources */ = {isa = PBXBuildFile; fileRef = 7E2ABE432056690800C44AC0 /* CollectionPrettyCell.xib */; };
		7E7278ED204D325800E797E3 /* AppDelegate.swift in Sources */ = {isa = PBXBuildFile; fileRef = 7E7278EC204D325800E797E3 /* AppDelegate.swift */; };
		7E7278F2204D325800E797E3 /* Main.storyboard in Resources */ = {isa = PBXBuildFile; fileRef = 7E7278F0204D325800E797E3 /* Main.storyboard */; };
		7E7278F5204D325800E797E3 /* YellowZB.xcdatamodeld in Sources */ = {isa = PBXBuildFile; fileRef = 7E7278F3204D325800E797E3 /* YellowZB.xcdatamodeld */; };
		7E7278F7204D325800E797E3 /* Assets.xcassets in Resources */ = {isa = PBXBuildFile; fileRef = 7E7278F6204D325800E797E3 /* Assets.xcassets */; };
		7E7278FA204D325800E797E3 /* LaunchScreen.storyboard in Resources */ = {isa = PBXBuildFile; fileRef = 7E7278F8204D325800E797E3 /* LaunchScreen.storyboard */; };
		7E72790C204D570D00E797E3 /* Home.storyboard in Resources */ = {isa = PBXBuildFile; fileRef = 7E72790A204D570D00E797E3 /* Home.storyboard */; };
		7E727911204D578A00E797E3 /* Follow.storyboard in Resources */ = {isa = PBXBuildFile; fileRef = 7E72790F204D578A00E797E3 /* Follow.storyboard */; };
		7E727913204D57B900E797E3 /* Profile.storyboard in Resources */ = {isa = PBXBuildFile; fileRef = 7E727912204D57B900E797E3 /* Profile.storyboard */; };
		7E727915204E3EC000E797E3 /* Images.xcassets in Resources */ = {isa = PBXBuildFile; fileRef = 7E727914204E3EC000E797E3 /* Images.xcassets */; };
		7E727917204E472B00E797E3 /* MainViewController.swift in Sources */ = {isa = PBXBuildFile; fileRef = 7E727916204E472B00E797E3 /* MainViewController.swift */; };
		7E727920204E72AE00E797E3 /* HomeViewController.swift in Sources */ = {isa = PBXBuildFile; fileRef = 7E72791F204E72AE00E797E3 /* HomeViewController.swift */; };
		7E727923204E7F2900E797E3 /* UIBarButtonItem-Extension.swift in Sources */ = {isa = PBXBuildFile; fileRef = 7E727922204E7F2900E797E3 /* UIBarButtonItem-Extension.swift */; };
		7E727925204E862400E797E3 /* PageTitleView.swift in Sources */ = {isa = PBXBuildFile; fileRef = 7E727924204E862400E797E3 /* PageTitleView.swift */; };
		7E727927204E928A00E797E3 /* Common.swift in Sources */ = {isa = PBXBuildFile; fileRef = 7E727926204E928A00E797E3 /* Common.swift */; };
		7E727929204FC8C600E797E3 /* PageContentView.swift in Sources */ = {isa = PBXBuildFile; fileRef = 7E727928204FC8C600E797E3 /* PageContentView.swift */; };
		7E72792B204FCF1900E797E3 /* UIColor-Extension.swift in Sources */ = {isa = PBXBuildFile; fileRef = 7E72792A204FCF1900E797E3 /* UIColor-Extension.swift */; };
		7E72792D20526C9700E797E3 /* RecommendViewController.swift in Sources */ = {isa = PBXBuildFile; fileRef = 7E72792C20526C9700E797E3 /* RecommendViewController.swift */; };
		7EB02AC8207B13C60055B1ED /* AmuseMenuView.swift in Sources */ = {isa = PBXBuildFile; fileRef = 7EB02AC7207B13C60055B1ED /* AmuseMenuView.swift */; };
		7EB02ACA207B13D40055B1ED /* AmuseMenuView.xib in Resources */ = {isa = PBXBuildFile; fileRef = 7EB02AC9207B13D40055B1ED /* AmuseMenuView.xib */; };
		7EB02AD1207B32770055B1ED /* AmuseMenuViewCell.swift in Sources */ = {isa = PBXBuildFile; fileRef = 7EB02ACF207B32770055B1ED /* AmuseMenuViewCell.swift */; };
		7EB02AD2207B32770055B1ED /* AmuseMenuViewCell.xib in Resources */ = {isa = PBXBuildFile; fileRef = 7EB02AD0207B32770055B1ED /* AmuseMenuViewCell.xib */; };
		7EB02AD4207B62640055B1ED /* FunnyViewController.swift in Sources */ = {isa = PBXBuildFile; fileRef = 7EB02AD3207B62640055B1ED /* FunnyViewController.swift */; };
		7EB02AD6207B6BCD0055B1ED /* FunnyViewModel.swift in Sources */ = {isa = PBXBuildFile; fileRef = 7EB02AD5207B6BCD0055B1ED /* FunnyViewModel.swift */; };
/* End PBXBuildFile section */

/* Begin PBXFileReference section */
		6F2A8F7D207F8EF2008AD65D /* BaseViewController.swift */ = {isa = PBXFileReference; lastKnownFileType = sourcecode.swift; path = BaseViewController.swift; sourceTree = "<group>"; };
		6F9FD6B3207F905F00AD0406 /* Live.storyboard */ = {isa = PBXFileReference; lastKnownFileType = file.storyboard; path = Live.storyboard; sourceTree = "<group>"; };
		71F8CB0F28DB58E00B0B16BE /* Pods_YellowZB.framework */ = {isa = PBXFileReference; explicitFileType = wrapper.framework; includeInIndex = 0; path = Pods_YellowZB.framework; sourceTree = BUILT_PRODUCTS_DIR; };
		7E150BD52058D3AA00A8B5D7 /* NetworkTools.swift */ = {isa = PBXFileReference; fileEncoding = 4; lastKnownFileType = sourcecode.swift; path = NetworkTools.swift; sourceTree = "<group>"; };
		7E150BD8205903D300A8B5D7 /* RecommendViewModel.swift */ = {isa = PBXFileReference; lastKnownFileType = sourcecode.swift; path = RecommendViewModel.swift; sourceTree = "<group>"; };
		7E150BDA205909B100A8B5D7 /* NSDate-Extension.swift */ = {isa = PBXFileReference; lastKnownFileType = sourcecode.swift; path = "NSDate-Extension.swift"; sourceTree = "<group>"; };
		7E150BDC2059235B00A8B5D7 /* AnchorGroup.swift */ = {isa = PBXFileReference; lastKnownFileType = sourcecode.swift; path = AnchorGroup.swift; sourceTree = "<group>"; };
		7E150BDE205A0DBB00A8B5D7 /* AnchorModel.swift */ = {isa = PBXFileReference; lastKnownFileType = sourcecode.swift; path = AnchorModel.swift; sourceTree = "<group>"; };
		7E150BE12060A50D00A8B5D7 /* CollectionBaseCell.swift */ = {isa = PBXFileReference; lastKnownFileType = sourcecode.swift; path = CollectionBaseCell.swift; sourceTree = "<group>"; };
		7E150BE32060B74200A8B5D7 /* RecommendCycleView.swift */ = {isa = PBXFileReference; lastKnownFileType = sourcecode.swift; path = RecommendCycleView.swift; sourceTree = "<group>"; };
		7E150BE52060B79500A8B5D7 /* RecommendCycleView.xib */ = {isa = PBXFileReference; lastKnownFileType = file.xib; path = RecommendCycleView.xib; sourceTree = "<group>"; };
		7E150BE720610A4000A8B5D7 /* CycleMobdel.swift */ = {isa = PBXFileReference; lastKnownFileType = sourcecode.swift; path = CycleMobdel.swift; sourceTree = "<group>"; };
		7E150BE9206203EB00A8B5D7 /* CollectionCycleCell.swift */ = {isa = PBXFileReference; lastKnownFileType = sourcecode.swift; path = CollectionCycleCell.swift; sourceTree = "<group>"; };
		7E150BEA206203EB00A8B5D7 /* CollectionCycleCell.xib */ = {isa = PBXFileReference; lastKnownFileType = file.xib; path = CollectionCycleCell.xib; sourceTree = "<group>"; };
		7E150BED206255B700A8B5D7 /* RecommendGameView.swift */ = {isa = PBXFileReference; lastKnownFileType = sourcecode.swift; path = RecommendGameView.swift; sourceTree = "<group>"; };
		7E150BEF206255DD00A8B5D7 /* RecommendGameView.xib */ = {isa = PBXFileReference; lastKnownFileType = file.xib; path = RecommendGameView.xib; sourceTree = "<group>"; };
		7E150BF22063418000A8B5D7 /* CollectionGameCell.swift */ = {isa = PBXFileReference; lastKnownFileType = sourcecode.swift; path = CollectionGameCell.swift; sourceTree = "<group>"; };
		7E150BF32063418000A8B5D7 /* CollectionGameCell.xib */ = {isa = PBXFileReference; lastKnownFileType = file.xib; path = CollectionGameCell.xib; sourceTree = "<group>"; };
		7E1EA439207369EE00D6056A /* GameViewController.swift */ = {isa = PBXFileReference; lastKnownFileType = sourcecode.swift; path = GameViewController.swift; sourceTree = "<group>"; };
		7E1EA43B2073710600D6056A /* GameViewModel.swift */ = {isa = PBXFileReference; lastKnownFileType = sourcecode.swift; path = GameViewModel.swift; sourceTree = "<group>"; };
		7E1EA43D2073782400D6056A /* GameModel.swift */ = {isa = PBXFileReference; lastKnownFileType = sourcecode.swift; path = GameModel.swift; sourceTree = "<group>"; };
		7E1EA43F2073794F00D6056A /* BaseGameModel.swift */ = {isa = PBXFileReference; lastKnownFileType = sourcecode.swift; path = BaseGameModel.swift; sourceTree = "<group>"; };
		7E1EA4412079B32200D6056A /* AmuseViewController.swift */ = {isa = PBXFileReference; lastKnownFileType = sourcecode.swift; path = AmuseViewController.swift; sourceTree = "<group>"; };
		7E1EA4432079BF6100D6056A /* AmuseViewModel.swift */ = {isa = PBXFileReference; lastKnownFileType = sourcecode.swift; path = AmuseViewModel.swift; sourceTree = "<group>"; };
		7E1EA4462079CAD500D6056A /* BaseViewModel.swift */ = {isa = PBXFileReference; lastKnownFileType = sourcecode.swift; path = BaseViewModel.swift; sourceTree = "<group>"; };
		7E1EA4482079E00600D6056A /* BaseAnchorViewController.swift */ = {isa = PBXFileReference; lastKnownFileType = sourcecode.swift; path = BaseAnchorViewController.swift; sourceTree = "<group>"; };
		7E2ABE38205631ED00C44AC0 /* CollectionHeaderView.swift */ = {isa = PBXFileReference; lastKnownFileType = sourcecode.swift; path = CollectionHeaderView.swift; sourceTree = "<group>"; };
		7E2ABE39205631ED00C44AC0 /* CollectionHeaderView.xib */ = {isa = PBXFileReference; lastKnownFileType = file.xib; path = CollectionHeaderView.xib; sourceTree = "<group>"; };
		7E2ABE3D20565EEC00C44AC0 /* CollectionNormalCell.swift */ = {isa = PBXFileReference; lastKnownFileType = sourcecode.swift; path = CollectionNormalCell.swift; sourceTree = "<group>"; };
		7E2ABE3E20565EEC00C44AC0 /* CollectionNormalCell.xib */ = {isa = PBXFileReference; lastKnownFileType = file.xib; path = CollectionNormalCell.xib; sourceTree = "<group>"; };
		7E2ABE422056690800C44AC0 /* CollectionPrettyCell.swift */ = {isa = PBXFileReference; lastKnownFileType = sourcecode.swift; path = CollectionPrettyCell.swift; sourceTree = "<group>"; };
		7E2ABE432056690800C44AC0 /* CollectionPrettyCell.xib */ = {isa = PBXFileReference; lastKnownFileType = file.xib; path = CollectionPrettyCell.xib; sourceTree = "<group>"; };
		7E7278E9204D325800E797E3 /* YellowZB.app */ = {isa = PBXFileReference; explicitFileType = wrapper.application; includeInIndex = 0; path = YellowZB.app; sourceTree = BUILT_PRODUCTS_DIR; };
		7E7278EC204D325800E797E3 /* AppDelegate.swift */ = {isa = PBXFileReference; lastKnownFileType = sourcecode.swift; path = AppDelegate.swift; sourceTree = "<group>"; };
		7E7278F1204D325800E797E3 /* Base */ = {isa = PBXFileReference; lastKnownFileType = file.storyboard; name = Base; path = Base.lproj/Main.storyboard; sourceTree = "<group>"; };
		7E7278F4204D325800E797E3 /* YellowZB.xcdatamodel */ = {isa = PBXFileReference; lastKnownFileType = wrapper.xcdatamodel; path = YellowZB.xcdatamodel; sourceTree = "<group>"; };
		7E7278F6204D325800E797E3 /* Assets.xcassets */ = {isa = PBXFileReference; lastKnownFileType = folder.assetcatalog; path = Assets.xcassets; sourceTree = "<group>"; };
		7E7278F9204D325800E797E3 /* Base */ = {isa = PBXFileReference; lastKnownFileType = file.storyboard; name = Base; path = Base.lproj/LaunchScreen.storyboard; sourceTree = "<group>"; };
		7E7278FB204D325800E797E3 /* Info.plist */ = {isa = PBXFileReference; lastKnownFileType = text.plist.xml; path = Info.plist; sourceTree = "<group>"; };
		7E72790B204D570D00E797E3 /* Base */ = {isa = PBXFileReference; lastKnownFileType = file.storyboard; name = Base; path = YellowZB/Classes/Main/Base.lproj/Home.storyboard; sourceTree = "<group>"; };
		7E727910204D578A00E797E3 /* Base */ = {isa = PBXFileReference; lastKnownFileType = file.storyboard; name = Base; path = YellowZB/Classes/Main/Base.lproj/Follow.storyboard; sourceTree = "<group>"; };
		7E727912204D57B900E797E3 /* Profile.storyboard */ = {isa = PBXFileReference; fileEncoding = 4; lastKnownFileType = file.storyboard; path = Profile.storyboard; sourceTree = "<group>"; };
		7E727914204E3EC000E797E3 /* Images.xcassets */ = {isa = PBXFileReference; lastKnownFileType = folder.assetcatalog; path = Images.xcassets; sourceTree = "<group>"; };
		7E727916204E472B00E797E3 /* MainViewController.swift */ = {isa = PBXFileReference; lastKnownFileType = sourcecode.swift; path = MainViewController.swift; sourceTree = "<group>"; };
		7E72791F204E72AE00E797E3 /* HomeViewController.swift */ = {isa = PBXFileReference; lastKnownFileType = sourcecode.swift; path = HomeViewController.swift; sourceTree = "<group>"; };
		7E727922204E7F2900E797E3 /* UIBarButtonItem-Extension.swift */ = {isa = PBXFileReference; lastKnownFileType = sourcecode.swift; path = "UIBarButtonItem-Extension.swift"; sourceTree = "<group>"; };
		7E727924204E862400E797E3 /* PageTitleView.swift */ = {isa = PBXFileReference; lastKnownFileType = sourcecode.swift; path = PageTitleView.swift; sourceTree = "<group>"; };
		7E727926204E928A00E797E3 /* Common.swift */ = {isa = PBXFileReference; lastKnownFileType = sourcecode.swift; path = Common.swift; sourceTree = "<group>"; };
		7E727928204FC8C600E797E3 /* PageContentView.swift */ = {isa = PBXFileReference; lastKnownFileType = sourcecode.swift; path = PageContentView.swift; sourceTree = "<group>"; };
		7E72792A204FCF1900E797E3 /* UIColor-Extension.swift */ = {isa = PBXFileReference; lastKnownFileType = sourcecode.swift; path = "UIColor-Extension.swift"; sourceTree = "<group>"; };
		7E72792C20526C9700E797E3 /* RecommendViewController.swift */ = {isa = PBXFileReference; lastKnownFileType = sourcecode.swift; path = RecommendViewController.swift; sourceTree = "<group>"; };
		7EB02AC7207B13C60055B1ED /* AmuseMenuView.swift */ = {isa = PBXFileReference; lastKnownFileType = sourcecode.swift; path = AmuseMenuView.swift; sourceTree = "<group>"; };
		7EB02AC9207B13D40055B1ED /* AmuseMenuView.xib */ = {isa = PBXFileReference; lastKnownFileType = file.xib; path = AmuseMenuView.xib; sourceTree = "<group>"; };
		7EB02ACF207B32770055B1ED /* AmuseMenuViewCell.swift */ = {isa = PBXFileReference; lastKnownFileType = sourcecode.swift; path = AmuseMenuViewCell.swift; sourceTree = "<group>"; };
		7EB02AD0207B32770055B1ED /* AmuseMenuViewCell.xib */ = {isa = PBXFileReference; lastKnownFileType = file.xib; path = AmuseMenuViewCell.xib; sourceTree = "<group>"; };
		7EB02AD3207B62640055B1ED /* FunnyViewController.swift */ = {isa = PBXFileReference; lastKnownFileType = sourcecode.swift; path = FunnyViewController.swift; sourceTree = "<group>"; };
		7EB02AD5207B6BCD0055B1ED /* FunnyViewModel.swift */ = {isa = PBXFileReference; lastKnownFileType = sourcecode.swift; path = FunnyViewModel.swift; sourceTree = "<group>"; };
		A00C663C0C5116B83CE51DF7 /* Pods-YellowZB.debug.xcconfig */ = {isa = PBXFileReference; includeInIndex = 1; lastKnownFileType = text.xcconfig; name = "Pods-YellowZB.debug.xcconfig"; path = "Pods/Target Support Files/Pods-YellowZB/Pods-YellowZB.debug.xcconfig"; sourceTree = "<group>"; };
		FCA1BD2CD79D53A202691A32 /* Pods-YellowZB.release.xcconfig */ = {isa = PBXFileReference; includeInIndex = 1; lastKnownFileType = text.xcconfig; name = "Pods-YellowZB.release.xcconfig"; path = "Pods/Target Support Files/Pods-YellowZB/Pods-YellowZB.release.xcconfig"; sourceTree = "<group>"; };
/* End PBXFileReference section */

/* Begin PBXFrameworksBuildPhase section */
		7E7278E6204D325800E797E3 /* Frameworks */ = {
			isa = PBXFrameworksBuildPhase;
			buildActionMask = 2147483647;
			files = (
				4EB96B5B305591A081FFD63A /* Pods_YellowZB.framework in Frameworks */,
			);
			runOnlyForDeploymentPostprocessing = 0;
		};
/* End PBXFrameworksBuildPhase section */

/* Begin PBXGroup section */
		2ED8CE28322E824AC611ABFE /* Frameworks */ = {
			isa = PBXGroup;
			children = (
				71F8CB0F28DB58E00B0B16BE /* Pods_YellowZB.framework */,
			);
			name = Frameworks;
			sourceTree = "<group>";
		};
		6E73390545ADCD20B197E2AE /* Pods */ = {
			isa = PBXGroup;
			children = (
				A00C663C0C5116B83CE51DF7 /* Pods-YellowZB.debug.xcconfig */,
				FCA1BD2CD79D53A202691A32 /* Pods-YellowZB.release.xcconfig */,
			);
			name = Pods;
			sourceTree = "<group>";
		};
		6F9FD6B2207F904A00AD0406 /* Live */ = {
			isa = PBXGroup;
			children = (
				6F9FD6B3207F905F00AD0406 /* Live.storyboard */,
			);
			path = Live;
			sourceTree = "<group>";
		};
		7E150BD7205903A100A8B5D7 /* ViewModel */ = {
			isa = PBXGroup;
			children = (
				7E150BD8205903D300A8B5D7 /* RecommendViewModel.swift */,
				7E1EA43B2073710600D6056A /* GameViewModel.swift */,
				7E1EA4432079BF6100D6056A /* AmuseViewModel.swift */,
				7EB02AD5207B6BCD0055B1ED /* FunnyViewModel.swift */,
			);
			path = ViewModel;
			sourceTree = "<group>";
		};
		7E1EA4452079CA9C00D6056A /* ViewModel */ = {
			isa = PBXGroup;
			children = (
				7E1EA4462079CAD500D6056A /* BaseViewModel.swift */,
			);
			path = ViewModel;
			sourceTree = "<group>";
		};
		7E7278E0204D325800E797E3 = {
			isa = PBXGroup;
			children = (
				7E7278EB204D325800E797E3 /* YellowZB */,
				7E7278EA204D325800E797E3 /* Products */,
				6E73390545ADCD20B197E2AE /* Pods */,
				2ED8CE28322E824AC611ABFE /* Frameworks */,
			);
			sourceTree = "<group>";
		};
		7E7278EA204D325800E797E3 /* Products */ = {
			isa = PBXGroup;
			children = (
				7E7278E9204D325800E797E3 /* YellowZB.app */,
			);
			name = Products;
			sourceTree = "<group>";
		};
		7E7278EB204D325800E797E3 /* YellowZB */ = {
			isa = PBXGroup;
			children = (
				7E727903204D3F5E00E797E3 /* Classes */,
				7E7278EC204D325800E797E3 /* AppDelegate.swift */,
				7E7278F6204D325800E797E3 /* Assets.xcassets */,
				7E7278F8204D325800E797E3 /* LaunchScreen.storyboard */,
				7E7278FB204D325800E797E3 /* Info.plist */,
				7E7278F3204D325800E797E3 /* YellowZB.xcdatamodeld */,
				7E727914204E3EC000E797E3 /* Images.xcassets */,
			);
			path = YellowZB;
			sourceTree = "<group>";
		};
		7E727903204D3F5E00E797E3 /* Classes */ = {
			isa = PBXGroup;
			children = (
				7E727907204D3F5E00E797E3 /* Main */,
				7E727905204D3F5E00E797E3 /* Home */,
				6F9FD6B2207F904A00AD0406 /* Live */,
				7E727904204D3F5E00E797E3 /* Follow */,
				7E727908204D3F5E00E797E3 /* Profile */,
				7E727909204D3F5E00E797E3 /* Tools */,
			);
			path = Classes;
			sourceTree = "<group>";
		};
		7E727904204D3F5E00E797E3 /* Follow */ = {
			isa = PBXGroup;
			children = (
				7E72790F204D578A00E797E3 /* Follow.storyboard */,
			);
			path = Follow;
			sourceTree = "<group>";
		};
		7E727905204D3F5E00E797E3 /* Home */ = {
			isa = PBXGroup;
			children = (
				7E150BD7205903A100A8B5D7 /* ViewModel */,
				7E727918204E6FF800E797E3 /* Model */,
				7E72791A204E6FF800E797E3 /* View */,
				7E727919204E6FF800E797E3 /* Controller */,
			);
			path = Home;
			sourceTree = "<group>";
		};
		7E727907204D3F5E00E797E3 /* Main */ = {
			isa = PBXGroup;
			children = (
				7E1EA4452079CA9C00D6056A /* ViewModel */,
				7E72791B204E70A100E797E3 /* Model */,
				7E72791E204E70C800E797E3 /* View */,
				7E72791C204E70B000E797E3 /* Controller */,
			);
			path = Main;
			sourceTree = "<group>";
		};
		7E727908204D3F5E00E797E3 /* Profile */ = {
			isa = PBXGroup;
			children = (
				7E727912204D57B900E797E3 /* Profile.storyboard */,
			);
			path = Profile;
			sourceTree = "<group>";
		};
		7E727909204D3F5E00E797E3 /* Tools */ = {
			isa = PBXGroup;
			children = (
				7E150BD52058D3AA00A8B5D7 /* NetworkTools.swift */,
				7E727926204E928A00E797E3 /* Common.swift */,
				7E727921204E7EEB00E797E3 /* Extension */,
			);
			path = Tools;
			sourceTree = "<group>";
		};
		7E727918204E6FF800E797E3 /* Model */ = {
			isa = PBXGroup;
			children = (
				7E150BE720610A4000A8B5D7 /* CycleMobdel.swift */,
				7E1EA43D2073782400D6056A /* GameModel.swift */,
			);
			path = Model;
			sourceTree = "<group>";
		};
		7E727919204E6FF800E797E3 /* Controller */ = {
			isa = PBXGroup;
			children = (
				7E72790A204D570D00E797E3 /* Home.storyboard */,
				7E72791F204E72AE00E797E3 /* HomeViewController.swift */,
				7E72792C20526C9700E797E3 /* RecommendViewController.swift */,
				7E1EA439207369EE00D6056A /* GameViewController.swift */,
				7E1EA4412079B32200D6056A /* AmuseViewController.swift */,
				7EB02AD3207B62640055B1ED /* FunnyViewController.swift */,
			);
			path = Controller;
			sourceTree = "<group>";
		};
		7E72791A204E6FF800E797E3 /* View */ = {
			isa = PBXGroup;
			children = (
				7E2ABE38205631ED00C44AC0 /* CollectionHeaderView.swift */,
				7E2ABE39205631ED00C44AC0 /* CollectionHeaderView.xib */,
				7E150BE32060B74200A8B5D7 /* RecommendCycleView.swift */,
				7E150BE52060B79500A8B5D7 /* RecommendCycleView.xib */,
				7E150BE9206203EB00A8B5D7 /* CollectionCycleCell.swift */,
				7E150BEA206203EB00A8B5D7 /* CollectionCycleCell.xib */,
				7E150BED206255B700A8B5D7 /* RecommendGameView.swift */,
				7E150BEF206255DD00A8B5D7 /* RecommendGameView.xib */,
				7E150BF22063418000A8B5D7 /* CollectionGameCell.swift */,
				7E150BF32063418000A8B5D7 /* CollectionGameCell.xib */,
				7EB02AC7207B13C60055B1ED /* AmuseMenuView.swift */,
				7EB02AC9207B13D40055B1ED /* AmuseMenuView.xib */,
				7EB02ACF207B32770055B1ED /* AmuseMenuViewCell.swift */,
				7EB02AD0207B32770055B1ED /* AmuseMenuViewCell.xib */,
			);
			path = View;
			sourceTree = "<group>";
		};
		7E72791B204E70A100E797E3 /* Model */ = {
			isa = PBXGroup;
			children = (
				7E150BDC2059235B00A8B5D7 /* AnchorGroup.swift */,
				7E150BDE205A0DBB00A8B5D7 /* AnchorModel.swift */,
				7E1EA43F2073794F00D6056A /* BaseGameModel.swift */,
			);
			path = Model;
			sourceTree = "<group>";
		};
		7E72791C204E70B000E797E3 /* Controller */ = {
			isa = PBXGroup;
			children = (
				7E7278F0204D325800E797E3 /* Main.storyboard */,
				7E727916204E472B00E797E3 /* MainViewController.swift */,
				7E1EA4482079E00600D6056A /* BaseAnchorViewController.swift */,
				6F2A8F7D207F8EF2008AD65D /* BaseViewController.swift */,
			);
			path = Controller;
			sourceTree = "<group>";
		};
		7E72791E204E70C800E797E3 /* View */ = {
			isa = PBXGroup;
			children = (
				7E727924204E862400E797E3 /* PageTitleView.swift */,
				7E727928204FC8C600E797E3 /* PageContentView.swift */,
				7E2ABE3D20565EEC00C44AC0 /* CollectionNormalCell.swift */,
				7E2ABE3E20565EEC00C44AC0 /* CollectionNormalCell.xib */,
				7E2ABE422056690800C44AC0 /* CollectionPrettyCell.swift */,
				7E2ABE432056690800C44AC0 /* CollectionPrettyCell.xib */,
				7E150BE12060A50D00A8B5D7 /* CollectionBaseCell.swift */,
			);
			path = View;
			sourceTree = "<group>";
		};
		7E727921204E7EEB00E797E3 /* Extension */ = {
			isa = PBXGroup;
			children = (
				7E727922204E7F2900E797E3 /* UIBarButtonItem-Extension.swift */,
				7E72792A204FCF1900E797E3 /* UIColor-Extension.swift */,
				7E150BDA205909B100A8B5D7 /* NSDate-Extension.swift */,
			);
			path = Extension;
			sourceTree = "<group>";
		};
/* End PBXGroup section */

/* Begin PBXNativeTarget section */
		7E7278E8204D325800E797E3 /* YellowZB */ = {
			isa = PBXNativeTarget;
			buildConfigurationList = 7E7278FE204D325800E797E3 /* Build configuration list for PBXNativeTarget "YellowZB" */;
			buildPhases = (
				E99CF2B1BEBF6E082DFABEDC /* [CP] Check Pods Manifest.lock */,
				7E7278E5204D325800E797E3 /* Sources */,
				7E7278E6204D325800E797E3 /* Frameworks */,
				7E7278E7204D325800E797E3 /* Resources */,
				62E53016BB665A682AF340ED /* [CP] Embed Pods Frameworks */,
			);
			buildRules = (
			);
			dependencies = (
			);
			name = YellowZB;
			productName = YellowZB;
			productReference = 7E7278E9204D325800E797E3 /* YellowZB.app */;
			productType = "com.apple.product-type.application";
		};
/* End PBXNativeTarget section */

/* Begin PBXProject section */
		7E7278E1204D325800E797E3 /* Project object */ = {
			isa = PBXProject;
			attributes = {
				LastSwiftUpdateCheck = 0920;
				LastUpgradeCheck = 0920;
				ORGANIZATIONNAME = zzr;
				TargetAttributes = {
					7E7278E8204D325800E797E3 = {
						CreatedOnToolsVersion = 9.2;
						ProvisioningStyle = Automatic;
					};
				};
			};
			buildConfigurationList = 7E7278E4204D325800E797E3 /* Build configuration list for PBXProject "YellowZB" */;
			compatibilityVersion = "Xcode 8.0";
			developmentRegion = en;
			hasScannedForEncodings = 0;
			knownRegions = (
				en,
				Base,
			);
			mainGroup = 7E7278E0204D325800E797E3;
			productRefGroup = 7E7278EA204D325800E797E3 /* Products */;
			projectDirPath = "";
			projectRoot = "";
			targets = (
				7E7278E8204D325800E797E3 /* YellowZB */,
			);
		};
/* End PBXProject section */

/* Begin PBXResourcesBuildPhase section */
		7E7278E7204D325800E797E3 /* Resources */ = {
			isa = PBXResourcesBuildPhase;
			buildActionMask = 2147483647;
			files = (
				7E7278FA204D325800E797E3 /* LaunchScreen.storyboard in Resources */,
				7E727915204E3EC000E797E3 /* Images.xcassets in Resources */,
				7E150BF52063418000A8B5D7 /* CollectionGameCell.xib in Resources */,
				7E2ABE4020565EEC00C44AC0 /* CollectionNormalCell.xib in Resources */,
				7E72790C204D570D00E797E3 /* Home.storyboard in Resources */,
				7E727913204D57B900E797E3 /* Profile.storyboard in Resources */,
				6F9FD6B4207F905F00AD0406 /* Live.storyboard in Resources */,
				7E150BF0206255DD00A8B5D7 /* RecommendGameView.xib in Resources */,
				7E2ABE3B205631ED00C44AC0 /* CollectionHeaderView.xib in Resources */,
				7EB02AD2207B32770055B1ED /* AmuseMenuViewCell.xib in Resources */,
				7E727911204D578A00E797E3 /* Follow.storyboard in Resources */,
				7E150BE62060B79500A8B5D7 /* RecommendCycleView.xib in Resources */,
				7E2ABE452056690800C44AC0 /* CollectionPrettyCell.xib in Resources */,
				7E150BEC206203EB00A8B5D7 /* CollectionCycleCell.xib in Resources */,
				7EB02ACA207B13D40055B1ED /* AmuseMenuView.xib in Resources */,
				7E7278F7204D325800E797E3 /* Assets.xcassets in Resources */,
				7E7278F2204D325800E797E3 /* Main.storyboard in Resources */,
			);
			runOnlyForDeploymentPostprocessing = 0;
		};
/* End PBXResourcesBuildPhase section */

/* Begin PBXShellScriptBuildPhase section */
		62E53016BB665A682AF340ED /* [CP] Embed Pods Frameworks */ = {
			isa = PBXShellScriptBuildPhase;
			buildActionMask = 2147483647;
			files = (
			);
			inputPaths = (
				"${SRCROOT}/Pods/Target Support Files/Pods-YellowZB/Pods-YellowZB-frameworks.sh",
				"${BUILT_PRODUCTS_DIR}/Alamofire/Alamofire.framework",
				"${BUILT_PRODUCTS_DIR}/Kingfisher/Kingfisher.framework",
			);
			name = "[CP] Embed Pods Frameworks";
			outputPaths = (
				"${TARGET_BUILD_DIR}/${FRAMEWORKS_FOLDER_PATH}/Alamofire.framework",
				"${TARGET_BUILD_DIR}/${FRAMEWORKS_FOLDER_PATH}/Kingfisher.framework",
			);
			runOnlyForDeploymentPostprocessing = 0;
			shellPath = /bin/sh;
			shellScript = "\"${SRCROOT}/Pods/Target Support Files/Pods-YellowZB/Pods-YellowZB-frameworks.sh\"\n";
			showEnvVarsInLog = 0;
		};
		E99CF2B1BEBF6E082DFABEDC /* [CP] Check Pods Manifest.lock */ = {
			isa = PBXShellScriptBuildPhase;
			buildActionMask = 2147483647;
			files = (
			);
			inputPaths = (
				"${PODS_PODFILE_DIR_PATH}/Podfile.lock",
				"${PODS_ROOT}/Manifest.lock",
			);
			name = "[CP] Check Pods Manifest.lock";
			outputPaths = (
				"$(DERIVED_FILE_DIR)/Pods-YellowZB-checkManifestLockResult.txt",
			);
			runOnlyForDeploymentPostprocessing = 0;
			shellPath = /bin/sh;
			shellScript = "diff \"${PODS_PODFILE_DIR_PATH}/Podfile.lock\" \"${PODS_ROOT}/Manifest.lock\" > /dev/null\nif [ $? != 0 ] ; then\n    # print error to STDERR\n    echo \"error: The sandbox is not in sync with the Podfile.lock. Run 'pod install' or update your CocoaPods installation.\" >&2\n    exit 1\nfi\n# This output is used by Xcode 'outputs' to avoid re-running this script phase.\necho \"SUCCESS\" > \"${SCRIPT_OUTPUT_FILE_0}\"\n";
			showEnvVarsInLog = 0;
		};
/* End PBXShellScriptBuildPhase section */

/* Begin PBXSourcesBuildPhase section */
		7E7278E5204D325800E797E3 /* Sources */ = {
			isa = PBXSourcesBuildPhase;
			buildActionMask = 2147483647;
			files = (
				7E150BD62058D3AB00A8B5D7 /* NetworkTools.swift in Sources */,
				7EB02AD1207B32770055B1ED /* AmuseMenuViewCell.swift in Sources */,
				7E727925204E862400E797E3 /* PageTitleView.swift in Sources */,
				7EB02AD4207B62640055B1ED /* FunnyViewController.swift in Sources */,
				7E2ABE3A205631ED00C44AC0 /* CollectionHeaderView.swift in Sources */,
				7E727923204E7F2900E797E3 /* UIBarButtonItem-Extension.swift in Sources */,
				7E1EA4402073794F00D6056A /* BaseGameModel.swift in Sources */,
				7E150BEE206255B700A8B5D7 /* RecommendGameView.swift in Sources */,
				7E1EA43A207369EE00D6056A /* GameViewController.swift in Sources */,
				7E1EA43C2073710600D6056A /* GameViewModel.swift in Sources */,
				7E727917204E472B00E797E3 /* MainViewController.swift in Sources */,
				6F2A8F7E207F8EF2008AD65D /* BaseViewController.swift in Sources */,
				7E727929204FC8C600E797E3 /* PageContentView.swift in Sources */,
				7E72792B204FCF1900E797E3 /* UIColor-Extension.swift in Sources */,
				7E7278ED204D325800E797E3 /* AppDelegate.swift in Sources */,
				7E1EA4422079B32200D6056A /* AmuseViewController.swift in Sources */,
				7E1EA4472079CAD500D6056A /* BaseViewModel.swift in Sources */,
				7E1EA4492079E00600D6056A /* BaseAnchorViewController.swift in Sources */,
				7E7278F5204D325800E797E3 /* YellowZB.xcdatamodeld in Sources */,
				7E150BDD2059235B00A8B5D7 /* AnchorGroup.swift in Sources */,
				7E727920204E72AE00E797E3 /* HomeViewController.swift in Sources */,
				7E1EA4442079BF6100D6056A /* AmuseViewModel.swift in Sources */,
				7E150BDB205909B100A8B5D7 /* NSDate-Extension.swift in Sources */,
				7E150BE22060A50D00A8B5D7 /* CollectionBaseCell.swift in Sources */,
				7E727927204E928A00E797E3 /* Common.swift in Sources */,
				7E2ABE442056690800C44AC0 /* CollectionPrettyCell.swift in Sources */,
				7E150BE820610A4000A8B5D7 /* CycleMobdel.swift in Sources */,
				7E150BF42063418000A8B5D7 /* CollectionGameCell.swift in Sources */,
				7E1EA43E2073782400D6056A /* GameModel.swift in Sources */,
				7EB02AC8207B13C60055B1ED /* AmuseMenuView.swift in Sources */,
				7E2ABE3F20565EEC00C44AC0 /* CollectionNormalCell.swift in Sources */,
				7E150BE42060B74200A8B5D7 /* RecommendCycleView.swift in Sources */,
				7EB02AD6207B6BCD0055B1ED /* FunnyViewModel.swift in Sources */,
				7E150BD9205903D300A8B5D7 /* RecommendViewModel.swift in Sources */,
				7E150BDF205A0DBB00A8B5D7 /* AnchorModel.swift in Sources */,
				7E150BEB206203EB00A8B5D7 /* CollectionCycleCell.swift in Sources */,
				7E72792D20526C9700E797E3 /* RecommendViewController.swift in Sources */,
			);
			runOnlyForDeploymentPostprocessing = 0;
		};
/* End PBXSourcesBuildPhase section */

/* Begin PBXVariantGroup section */
		7E7278F0204D325800E797E3 /* Main.storyboard */ = {
			isa = PBXVariantGroup;
			children = (
				7E7278F1204D325800E797E3 /* Base */,
			);
			name = Main.storyboard;
			sourceTree = "<group>";
		};
		7E7278F8204D325800E797E3 /* LaunchScreen.storyboard */ = {
			isa = PBXVariantGroup;
			children = (
				7E7278F9204D325800E797E3 /* Base */,
			);
			name = LaunchScreen.storyboard;
			sourceTree = "<group>";
		};
		7E72790A204D570D00E797E3 /* Home.storyboard */ = {
			isa = PBXVariantGroup;
			children = (
				7E72790B204D570D00E797E3 /* Base */,
			);
			name = Home.storyboard;
			sourceTree = "<group>";
		};
		7E72790F204D578A00E797E3 /* Follow.storyboard */ = {
			isa = PBXVariantGroup;
			children = (
				7E727910204D578A00E797E3 /* Base */,
			);
			name = Follow.storyboard;
			sourceTree = "<group>";
		};
/* End PBXVariantGroup section */

/* Begin XCBuildConfiguration section */
		7E7278FC204D325800E797E3 /* Debug */ = {
			isa = XCBuildConfiguration;
			buildSettings = {
				ALWAYS_SEARCH_USER_PATHS = NO;
				CLANG_ANALYZER_NONNULL = YES;
				CLANG_ANALYZER_NUMBER_OBJECT_CONVERSION = YES_AGGRESSIVE;
				CLANG_CXX_LANGUAGE_STANDARD = "gnu++14";
				CLANG_CXX_LIBRARY = "libc++";
				CLANG_ENABLE_MODULES = YES;
				CLANG_ENABLE_OBJC_ARC = YES;
				CLANG_WARN_BLOCK_CAPTURE_AUTORELEASING = YES;
				CLANG_WARN_BOOL_CONVERSION = YES;
				CLANG_WARN_COMMA = YES;
				CLANG_WARN_CONSTANT_CONVERSION = YES;
				CLANG_WARN_DIRECT_OBJC_ISA_USAGE = YES_ERROR;
				CLANG_WARN_DOCUMENTATION_COMMENTS = YES;
				CLANG_WARN_EMPTY_BODY = YES;
				CLANG_WARN_ENUM_CONVERSION = YES;
				CLANG_WARN_INFINITE_RECURSION = YES;
				CLANG_WARN_INT_CONVERSION = YES;
				CLANG_WARN_NON_LITERAL_NULL_CONVERSION = YES;
				CLANG_WARN_OBJC_LITERAL_CONVERSION = YES;
				CLANG_WARN_OBJC_ROOT_CLASS = YES_ERROR;
				CLANG_WARN_RANGE_LOOP_ANALYSIS = YES;
				CLANG_WARN_STRICT_PROTOTYPES = YES;
				CLANG_WARN_SUSPICIOUS_MOVE = YES;
				CLANG_WARN_UNGUARDED_AVAILABILITY = YES_AGGRESSIVE;
				CLANG_WARN_UNREACHABLE_CODE = YES;
				CLANG_WARN__DUPLICATE_METHOD_MATCH = YES;
				CODE_SIGN_IDENTITY = "iPhone Developer";
				COPY_PHASE_STRIP = NO;
				DEBUG_INFORMATION_FORMAT = dwarf;
				ENABLE_STRICT_OBJC_MSGSEND = YES;
				ENABLE_TESTABILITY = YES;
				GCC_C_LANGUAGE_STANDARD = gnu11;
				GCC_DYNAMIC_NO_PIC = NO;
				GCC_NO_COMMON_BLOCKS = YES;
				GCC_OPTIMIZATION_LEVEL = 0;
				GCC_PREPROCESSOR_DEFINITIONS = (
					"DEBUG=1",
					"$(inherited)",
				);
				GCC_WARN_64_TO_32_BIT_CONVERSION = YES;
				GCC_WARN_ABOUT_RETURN_TYPE = YES_ERROR;
				GCC_WARN_UNDECLARED_SELECTOR = YES;
				GCC_WARN_UNINITIALIZED_AUTOS = YES_AGGRESSIVE;
				GCC_WARN_UNUSED_FUNCTION = YES;
				GCC_WARN_UNUSED_VARIABLE = YES;
				IPHONEOS_DEPLOYMENT_TARGET = 11.2;
				MTL_ENABLE_DEBUG_INFO = YES;
				ONLY_ACTIVE_ARCH = YES;
				SDKROOT = iphoneos;
				SWIFT_ACTIVE_COMPILATION_CONDITIONS = DEBUG;
				SWIFT_OPTIMIZATION_LEVEL = "-Onone";
			};
			name = Debug;
		};
		7E7278FD204D325800E797E3 /* Release */ = {
			isa = XCBuildConfiguration;
			buildSettings = {
				ALWAYS_SEARCH_USER_PATHS = NO;
				CLANG_ANALYZER_NONNULL = YES;
				CLANG_ANALYZER_NUMBER_OBJECT_CONVERSION = YES_AGGRESSIVE;
				CLANG_CXX_LANGUAGE_STANDARD = "gnu++14";
				CLANG_CXX_LIBRARY = "libc++";
				CLANG_ENABLE_MODULES = YES;
				CLANG_ENABLE_OBJC_ARC = YES;
				CLANG_WARN_BLOCK_CAPTURE_AUTORELEASING = YES;
				CLANG_WARN_BOOL_CONVERSION = YES;
				CLANG_WARN_COMMA = YES;
				CLANG_WARN_CONSTANT_CONVERSION = YES;
				CLANG_WARN_DIRECT_OBJC_ISA_USAGE = YES_ERROR;
				CLANG_WARN_DOCUMENTATION_COMMENTS = YES;
				CLANG_WARN_EMPTY_BODY = YES;
				CLANG_WARN_ENUM_CONVERSION = YES;
				CLANG_WARN_INFINITE_RECURSION = YES;
				CLANG_WARN_INT_CONVERSION = YES;
				CLANG_WARN_NON_LITERAL_NULL_CONVERSION = YES;
				CLANG_WARN_OBJC_LITERAL_CONVERSION = YES;
				CLANG_WARN_OBJC_ROOT_CLASS = YES_ERROR;
				CLANG_WARN_RANGE_LOOP_ANALYSIS = YES;
				CLANG_WARN_STRICT_PROTOTYPES = YES;
				CLANG_WARN_SUSPICIOUS_MOVE = YES;
				CLANG_WARN_UNGUARDED_AVAILABILITY = YES_AGGRESSIVE;
				CLANG_WARN_UNREACHABLE_CODE = YES;
				CLANG_WARN__DUPLICATE_METHOD_MATCH = YES;
				CODE_SIGN_IDENTITY = "iPhone Developer";
				COPY_PHASE_STRIP = NO;
				DEBUG_INFORMATION_FORMAT = "dwarf-with-dsym";
				ENABLE_NS_ASSERTIONS = NO;
				ENABLE_STRICT_OBJC_MSGSEND = YES;
				GCC_C_LANGUAGE_STANDARD = gnu11;
				GCC_NO_COMMON_BLOCKS = YES;
				GCC_WARN_64_TO_32_BIT_CONVERSION = YES;
				GCC_WARN_ABOUT_RETURN_TYPE = YES_ERROR;
				GCC_WARN_UNDECLARED_SELECTOR = YES;
				GCC_WARN_UNINITIALIZED_AUTOS = YES_AGGRESSIVE;
				GCC_WARN_UNUSED_FUNCTION = YES;
				GCC_WARN_UNUSED_VARIABLE = YES;
				IPHONEOS_DEPLOYMENT_TARGET = 11.2;
				MTL_ENABLE_DEBUG_INFO = NO;
				SDKROOT = iphoneos;
				SWIFT_OPTIMIZATION_LEVEL = "-Owholemodule";
				VALIDATE_PRODUCT = YES;
			};
			name = Release;
		};
		7E7278FF204D325800E797E3 /* Debug */ = {
			isa = XCBuildConfiguration;
			baseConfigurationReference = A00C663C0C5116B83CE51DF7 /* Pods-YellowZB.debug.xcconfig */;
			buildSettings = {
				ASSETCATALOG_COMPILER_APPICON_NAME = AppIcon;
				ASSETCATALOG_COMPILER_LAUNCHIMAGE_NAME = LaunchImage;
				CODE_SIGN_STYLE = Automatic;
				DEVELOPMENT_TEAM = 78FL67T9A7;
				INFOPLIST_FILE = YellowZB/Info.plist;
				IPHONEOS_DEPLOYMENT_TARGET = 11.2;
				LD_RUNPATH_SEARCH_PATHS = "$(inherited) @executable_path/Frameworks";
				PRODUCT_BUNDLE_IDENTIFIER = com.zzr.YellowZB;
				PRODUCT_NAME = "$(TARGET_NAME)";
				SWIFT_VERSION = 4.0;
				TARGETED_DEVICE_FAMILY = 1;
			};
			name = Debug;
		};
		7E727900204D325800E797E3 /* Release */ = {
			isa = XCBuildConfiguration;
			baseConfigurationReference = FCA1BD2CD79D53A202691A32 /* Pods-YellowZB.release.xcconfig */;
			buildSettings = {
				ASSETCATALOG_COMPILER_APPICON_NAME = AppIcon;
				ASSETCATALOG_COMPILER_LAUNCHIMAGE_NAME = LaunchImage;
				CODE_SIGN_STYLE = Automatic;
				DEVELOPMENT_TEAM = 78FL67T9A7;
				INFOPLIST_FILE = YellowZB/Info.plist;
				IPHONEOS_DEPLOYMENT_TARGET = 11.2;
				LD_RUNPATH_SEARCH_PATHS = "$(inherited) @executable_path/Frameworks";
				PRODUCT_BUNDLE_IDENTIFIER = com.zzr.YellowZB;
				PRODUCT_NAME = "$(TARGET_NAME)";
				SWIFT_VERSION = 4.0;
				TARGETED_DEVICE_FAMILY = 1;
			};
			name = Release;
		};
/* End XCBuildConfiguration section */

/* Begin XCConfigurationList section */
		7E7278E4204D325800E797E3 /* Build configuration list for PBXProject "YellowZB" */ = {
			isa = XCConfigurationList;
			buildConfigurations = (
				7E7278FC204D325800E797E3 /* Debug */,
				7E7278FD204D325800E797E3 /* Release */,
			);
			defaultConfigurationIsVisible = 0;
			defaultConfigurationName = Release;
		};
		7E7278FE204D325800E797E3 /* Build configuration list for PBXNativeTarget "YellowZB" */ = {
			isa = XCConfigurationList;
			buildConfigurations = (
				7E7278FF204D325800E797E3 /* Debug */,
				7E727900204D325800E797E3 /* Release */,
			);
			defaultConfigurationIsVisible = 0;
			defaultConfigurationName = Release;
		};
/* End XCConfigurationList section */

/* Begin XCVersionGroup section */
		7E7278F3204D325800E797E3 /* YellowZB.xcdatamodeld */ = {
			isa = XCVersionGroup;
			children = (
				7E7278F4204D325800E797E3 /* YellowZB.xcdatamodel */,
			);
			currentVersion = 7E7278F4204D325800E797E3 /* YellowZB.xcdatamodel */;
			path = YellowZB.xcdatamodeld;
			sourceTree = "<group>";
			versionGroupType = wrapper.xcdatamodel;
		};
/* End XCVersionGroup section */
	};
	rootObject = 7E7278E1204D325800E797E3 /* Project object */;
}
